
Microsoft Visual Studio Solution File, Format Version 12.00
# Visual Studio 15
VisualStudioVersion = 15.0.28010.2026
MinimumVisualStudioVersion = 10.0.40219.1
Project("{FAE04EC0-301F-11D3-BF4B-00C04F79EFBC}") = "DynamicBinding", "DynamicBinding\DynamicBinding.csproj", "{14FC36D7-BD24-4142-AD7B-7D51DB42BC07}"
EndProject
Global
	GlobalSection(SolutionConfigurationPlatforms) = preSolution
		Debug|Any CPU = Debug|Any CPU
		Release|Any CPU = Release|Any CPU
	EndGlobalSection
	GlobalSection(ProjectConfigurationPlatforms) = postSolution
		{14FC36D7-BD24-4142-AD7B-7D51DB42BC07}.Debug|Any CPU.ActiveCfg = Debug|Any CPU
		{14FC36D7-BD24-4142-AD7B-7D51DB42BC07}.Debug|Any CPU.Build.0 = Debug|Any CPU
		{14FC36D7-BD24-4142-AD7B-7D51DB42BC07}.Release|Any CPU.ActiveCfg = Release|Any CPU
		{14FC36D7-BD24-4142-AD7B-7D51DB42BC07}.Release|Any CPU.Build.0 = Release|Any CPU
	EndGlobalSection
	GlobalSection(SolutionProperties) = preSolution
		HideSolutionNode = FALSE
	EndGlobalSection
	GlobalSection(ExtensibilityGlobals) = postSolution
		SolutionGuid = {328E5B97-C298-4EDF-BE42-67F5D2EEDC02}
	EndGlobalSection
EndGlobal
